
Microsoft Visual Studio Solution File, Format Version 12.00
# Visual Studio Version 16
VisualStudioVersion = 16.0.29806.167
MinimumVisualStudioVersion = 10.0.40219.1
Project("{2150E333-8FDC-42A3-9474-1A3956D46DE8}") = "01 Web", "01 Web", "{BC189963-5AE2-4B18-82C2-E0CC000E0DF3}"
EndProject
Project("{9A19103F-16F7-4668-BE54-9A1E7A4F7556}") = "MisFacturasWeb", "MisFacturasWeb\MisFacturasWeb.csproj", "{3782BB2B-5FA2-493B-96FA-05EAB5070C52}"
EndProject
Project("{2150E333-8FDC-42A3-9474-1A3956D46DE8}") = "03 Bussines", "03 Bussines", "{2BF1AE3B-D791-4CFD-A8C6-635B33C3C688}"
EndProject
Project("{2150E333-8FDC-42A3-9474-1A3956D46DE8}") = "04 Proxy", "04 Proxy", "{08D86EAC-FCC7-4C5B-A89E-BD5188083712}"
EndProject
Project("{2150E333-8FDC-42A3-9474-1A3956D46DE8}") = "05 Entities", "05 Entities", "{C2E0CB99-00C9-4120-9FFA-8D2C87504118}"
EndProject
Project("{2150E333-8FDC-42A3-9474-1A3956D46DE8}") = "02 Middleware", "02 Middleware", "{6FD6CABF-B541-4EDB-8C89-C93944CE1C96}"
EndProject
Project("{2150E333-8FDC-42A3-9474-1A3956D46DE8}") = "02 emnuns", "02 emnuns", "{45C9B78B-9283-439B-BEFF-DE594F0BF6EC}"
EndProject
Project("{2150E333-8FDC-42A3-9474-1A3956D46DE8}") = "01 Entities", "01 Entities", "{3D21877C-3EAF-45BA-A47A-C0AB1D3A4480}"
EndProject
Project("{9A19103F-16F7-4668-BE54-9A1E7A4F7556}") = "Proxy.ControlIA", "Proxy.ControlIA\Proxy.ControlIA.csproj", "{E2D7DC63-47CB-47E4-A005-56F94B1F6A98}"
EndProject
Project("{9A19103F-16F7-4668-BE54-9A1E7A4F7556}") = "Proxy.Base", "Proxy.Base\Proxy.Base.csproj", "{420F0738-8BB5-43C2-AB75-83F873152379}"
EndProject
Project("{9A19103F-16F7-4668-BE54-9A1E7A4F7556}") = "Proxy.Security", "ClassLibrary1\Proxy.Security.csproj", "{F41F275F-68E4-4A0B-AD76-A1445F02ED67}"
EndProject
Project("{9A19103F-16F7-4668-BE54-9A1E7A4F7556}") = "SecurityBussines", "SecurityBussines\SecurityBussines.csproj", "{6372B27E-459D-435D-8CA4-78F49D515F09}"
EndProject
Project("{9A19103F-16F7-4668-BE54-9A1E7A4F7556}") = "IocSecurity", "IocSecurity\IocSecurity.csproj", "{48F8ACCA-63A4-41B7-8B03-039DA7AC7F73}"
EndProject
Project("{FAE04EC0-301F-11D3-BF4B-00C04F79EFBC}") = "SecurityModel", "SecurityModel\SecurityModel.csproj", "{F751D9EA-28DF-448F-816D-788F5D162EEE}"
EndProject
Project("{2150E333-8FDC-42A3-9474-1A3956D46DE8}") = "06 Utils", "06 Utils", "{A35DAA53-A98F-41C9-8AA8-FFA31909FD07}"
EndProject
Project("{FAE04EC0-301F-11D3-BF4B-00C04F79EFBC}") = "common", "common\common.csproj", "{8AA30B29-B3DF-41F2-9EFE-D0C393C7F542}"
EndProject
Global
	GlobalSection(SolutionConfigurationPlatforms) = preSolution
		Debug|Any CPU = Debug|Any CPU
		Release|Any CPU = Release|Any CPU
	EndGlobalSection
	GlobalSection(ProjectConfigurationPlatforms) = postSolution
		{3782BB2B-5FA2-493B-96FA-05EAB5070C52}.Debug|Any CPU.ActiveCfg = Debug|Any CPU
		{3782BB2B-5FA2-493B-96FA-05EAB5070C52}.Debug|Any CPU.Build.0 = Debug|Any CPU
		{3782BB2B-5FA2-493B-96FA-05EAB5070C52}.Release|Any CPU.ActiveCfg = Release|Any CPU
		{3782BB2B-5FA2-493B-96FA-05EAB5070C52}.Release|Any CPU.Build.0 = Release|Any CPU
		{E2D7DC63-47CB-47E4-A005-56F94B1F6A98}.Debug|Any CPU.ActiveCfg = Debug|Any CPU
		{E2D7DC63-47CB-47E4-A005-56F94B1F6A98}.Debug|Any CPU.Build.0 = Debug|Any CPU
		{E2D7DC63-47CB-47E4-A005-56F94B1F6A98}.Release|Any CPU.ActiveCfg = Release|Any CPU
		{E2D7DC63-47CB-47E4-A005-56F94B1F6A98}.Release|Any CPU.Build.0 = Release|Any CPU
		{420F0738-8BB5-43C2-AB75-83F873152379}.Debug|Any CPU.ActiveCfg = Debug|Any CPU
		{420F0738-8BB5-43C2-AB75-83F873152379}.Debug|Any CPU.Build.0 = Debug|Any CPU
		{420F0738-8BB5-43C2-AB75-83F873152379}.Release|Any CPU.ActiveCfg = Release|Any CPU
		{420F0738-8BB5-43C2-AB75-83F873152379}.Release|Any CPU.Build.0 = Release|Any CPU
		{F41F275F-68E4-4A0B-AD76-A1445F02ED67}.Debug|Any CPU.ActiveCfg = Debug|Any CPU
		{F41F275F-68E4-4A0B-AD76-A1445F02ED67}.Debug|Any CPU.Build.0 = Debug|Any CPU
		{F41F275F-68E4-4A0B-AD76-A1445F02ED67}.Release|Any CPU.ActiveCfg = Release|Any CPU
		{F41F275F-68E4-4A0B-AD76-A1445F02ED67}.Release|Any CPU.Build.0 = Release|Any CPU
		{6372B27E-459D-435D-8CA4-78F49D515F09}.Debug|Any CPU.ActiveCfg = Debug|Any CPU
		{6372B27E-459D-435D-8CA4-78F49D515F09}.Debug|Any CPU.Build.0 = Debug|Any CPU
		{6372B27E-459D-435D-8CA4-78F49D515F09}.Release|Any CPU.ActiveCfg = Release|Any CPU
		{6372B27E-459D-435D-8CA4-78F49D515F09}.Release|Any CPU.Build.0 = Release|Any CPU
		{48F8ACCA-63A4-41B7-8B03-039DA7AC7F73}.Debug|Any CPU.ActiveCfg = Debug|Any CPU
		{48F8ACCA-63A4-41B7-8B03-039DA7AC7F73}.Debug|Any CPU.Build.0 = Debug|Any CPU
		{48F8ACCA-63A4-41B7-8B03-039DA7AC7F73}.Release|Any CPU.ActiveCfg = Release|Any CPU
		{48F8ACCA-63A4-41B7-8B03-039DA7AC7F73}.Release|Any CPU.Build.0 = Release|Any CPU
		{F751D9EA-28DF-448F-816D-788F5D162EEE}.Debug|Any CPU.ActiveCfg = Debug|Any CPU
		{F751D9EA-28DF-448F-816D-788F5D162EEE}.Debug|Any CPU.Build.0 = Debug|Any CPU
		{F751D9EA-28DF-448F-816D-788F5D162EEE}.Release|Any CPU.ActiveCfg = Release|Any CPU
		{F751D9EA-28DF-448F-816D-788F5D162EEE}.Release|Any CPU.Build.0 = Release|Any CPU
		{8AA30B29-B3DF-41F2-9EFE-D0C393C7F542}.Debug|Any CPU.ActiveCfg = Debug|Any CPU
		{8AA30B29-B3DF-41F2-9EFE-D0C393C7F542}.Debug|Any CPU.Build.0 = Debug|Any CPU
		{8AA30B29-B3DF-41F2-9EFE-D0C393C7F542}.Release|Any CPU.ActiveCfg = Release|Any CPU
		{8AA30B29-B3DF-41F2-9EFE-D0C393C7F542}.Release|Any CPU.Build.0 = Release|Any CPU
	EndGlobalSection
	GlobalSection(SolutionProperties) = preSolution
		HideSolutionNode = FALSE
	EndGlobalSection
	GlobalSection(NestedProjects) = preSolution
		{3782BB2B-5FA2-493B-96FA-05EAB5070C52} = {BC189963-5AE2-4B18-82C2-E0CC000E0DF3}
		{45C9B78B-9283-439B-BEFF-DE594F0BF6EC} = {C2E0CB99-00C9-4120-9FFA-8D2C87504118}
		{3D21877C-3EAF-45BA-A47A-C0AB1D3A4480} = {C2E0CB99-00C9-4120-9FFA-8D2C87504118}
		{E2D7DC63-47CB-47E4-A005-56F94B1F6A98} = {08D86EAC-FCC7-4C5B-A89E-BD5188083712}
		{420F0738-8BB5-43C2-AB75-83F873152379} = {08D86EAC-FCC7-4C5B-A89E-BD5188083712}
		{F41F275F-68E4-4A0B-AD76-A1445F02ED67} = {08D86EAC-FCC7-4C5B-A89E-BD5188083712}
		{6372B27E-459D-435D-8CA4-78F49D515F09} = {2BF1AE3B-D791-4CFD-A8C6-635B33C3C688}
		{48F8ACCA-63A4-41B7-8B03-039DA7AC7F73} = {6FD6CABF-B541-4EDB-8C89-C93944CE1C96}
		{F751D9EA-28DF-448F-816D-788F5D162EEE} = {3D21877C-3EAF-45BA-A47A-C0AB1D3A4480}
		{8AA30B29-B3DF-41F2-9EFE-D0C393C7F542} = {A35DAA53-A98F-41C9-8AA8-FFA31909FD07}
	EndGlobalSection
	GlobalSection(ExtensibilityGlobals) = postSolution
		SolutionGuid = {34B886D9-A9D3-457F-A350-F04919C45A9C}
	EndGlobalSection
EndGlobal
